
Microsoft Visual Studio Solution File, Format Version 12.00
# Visual Studio 15
VisualStudioVersion = 15.0.28010.2041
MinimumVisualStudioVersion = 10.0.40219.1
Project("{FAE04EC0-301F-11D3-BF4B-00C04F79EFBC}") = "CJTheNJLottery", "CJTheNJLottery\CJTheNJLottery.csproj", "{EDAA1E3F-9052-40CA-BD04-B2AC3131EE54}"
EndProject
Project("{FAE04EC0-301F-11D3-BF4B-00C04F79EFBC}") = "CJTheNJLottery.Test", "CJTheNJLottery.Test\CJTheNJLottery.Test.csproj", "{B37F2EDA-759E-408B-8CE7-F4DE53AF16BB}"
EndProject
Global
	GlobalSection(SolutionConfigurationPlatforms) = preSolution
		Debug|Any CPU = Debug|Any CPU
		Release|Any CPU = Release|Any CPU
	EndGlobalSection
	GlobalSection(ProjectConfigurationPlatforms) = postSolution
		{EDAA1E3F-9052-40CA-BD04-B2AC3131EE54}.Debug|Any CPU.ActiveCfg = Debug|Any CPU
		{EDAA1E3F-9052-40CA-BD04-B2AC3131EE54}.Debug|Any CPU.Build.0 = Debug|Any CPU
		{EDAA1E3F-9052-40CA-BD04-B2AC3131EE54}.Release|Any CPU.ActiveCfg = Release|Any CPU
		{EDAA1E3F-9052-40CA-BD04-B2AC3131EE54}.Release|Any CPU.Build.0 = Release|Any CPU
		{B37F2EDA-759E-408B-8CE7-F4DE53AF16BB}.Debug|Any CPU.ActiveCfg = Debug|Any CPU
		{B37F2EDA-759E-408B-8CE7-F4DE53AF16BB}.Debug|Any CPU.Build.0 = Debug|Any CPU
		{B37F2EDA-759E-408B-8CE7-F4DE53AF16BB}.Release|Any CPU.ActiveCfg = Release|Any CPU
		{B37F2EDA-759E-408B-8CE7-F4DE53AF16BB}.Release|Any CPU.Build.0 = Release|Any CPU
	EndGlobalSection
	GlobalSection(SolutionProperties) = preSolution
		HideSolutionNode = FALSE
	EndGlobalSection
	GlobalSection(ExtensibilityGlobals) = postSolution
		SolutionGuid = {46454750-5EA1-4C6D-B9F0-E4AD2E49E00B}
	EndGlobalSection
EndGlobal
